
Microsoft Visual Studio Solution File, Format Version 12.00
# Visual Studio Version 16
VisualStudioVersion = 16.0.30204.135
MinimumVisualStudioVersion = 10.0.40219.1
Project("{2150E333-8FDC-42A3-9474-1A3956D46DE8}") = "Infrastructure", "Infrastructure", "{65AE1A0D-BE60-4D1E-BECE-619B8227D129}"
EndProject
Project("{2150E333-8FDC-42A3-9474-1A3956D46DE8}") = "Logs", "Logs", "{2EBE742E-0F97-4638-9009-EF02238FC52F}"
EndProject
Project("{9A19103F-16F7-4668-BE54-9A1E7A4F7556}") = "DataFactory", "DataFactory\DataFactory.csproj", "{0083230B-BCD7-43D4-A0C4-60BE65ED6CDB}"
EndProject
Project("{2150E333-8FDC-42A3-9474-1A3956D46DE8}") = "DM API", "DM API", "{C2862DEC-8753-4462-B900-518A990D298D}"
EndProject
Project("{9A19103F-16F7-4668-BE54-9A1E7A4F7556}") = "DataProvider", "DataProvider\DataProvider.csproj", "{82DB36D9-8D9F-403B-9B5F-9F0F1263874D}"
EndProject
Project("{9A19103F-16F7-4668-BE54-9A1E7A4F7556}") = "DataProvider.Interface", "DataProvider.Interface\DataProvider.Interface.csproj", "{4A083D65-E4D7-4267-B56E-C15A354151A4}"
EndProject
Project("{9A19103F-16F7-4668-BE54-9A1E7A4F7556}") = "DDB.Entities", "DDB.Entities\DDB.Entities.csproj", "{C185800F-B122-4E95-B9BA-9E9E6E933468}"
EndProject
Project("{9A19103F-16F7-4668-BE54-9A1E7A4F7556}") = "Infrastructure.STLogging.Factory", "..\Common\Infrastructure.STLogging.Factory\Infrastructure.STLogging.Factory.csproj", "{87B983E5-19E4-4CBD-A42F-4D136A1C6A00}"
EndProject
Project("{9A19103F-16F7-4668-BE54-9A1E7A4F7556}") = "Infrastructure.STLogging.Interface", "..\Common\Infrastructure.STLogging.Interface\Infrastructure.STLogging.Interface.csproj", "{B4E60199-6B7C-45A6-B1A3-76E892C09379}"
EndProject
Project("{9A19103F-16F7-4668-BE54-9A1E7A4F7556}") = "Infrastructure.STLogging.Log4Net", "..\Common\Infrastructure.STLogging.Log4Net\Infrastructure.STLogging.Log4Net.csproj", "{F854E273-C0BB-46F6-9ED0-B2E366CB9710}"
EndProject
Project("{9A19103F-16F7-4668-BE54-9A1E7A4F7556}") = "Infrastructure.Utils", "..\Common\Infrastructure.Utils\Infrastructure.Utils.csproj", "{9FCA904E-993C-492E-B872-3F3F4DD78786}"
EndProject
Project("{2150E333-8FDC-42A3-9474-1A3956D46DE8}") = "DataAccess", "DataAccess", "{928B08B3-8135-40C0-8CA6-928C5F3A951B}"
EndProject
Project("{9A19103F-16F7-4668-BE54-9A1E7A4F7556}") = "DataStore.Base", "..\DataAccess\DataStore.Base\DataStore.Base.csproj", "{115BCE65-F5ED-496E-BD09-3FE40FA827F2}"
EndProject
Project("{9A19103F-16F7-4668-BE54-9A1E7A4F7556}") = "DataStore.Factory", "..\DataAccess\DataStore.Factory\DataStore.Factory.csproj", "{71099AF0-EDFF-4880-8539-B4BD16357A68}"
EndProject
Project("{9A19103F-16F7-4668-BE54-9A1E7A4F7556}") = "DataStore.Interface", "..\DataAccess\DataStore.Interface\DataStore.Interface.csproj", "{3387700B-EE84-4994-AA2D-BD7F456F3E93}"
EndProject
Project("{9A19103F-16F7-4668-BE54-9A1E7A4F7556}") = "DataStore.SQLServer", "..\DataAccess\DataStore.SQLServer\DataStore.SQLServer.csproj", "{68AD1CAF-B233-422F-AF99-C559FC9A4865}"
EndProject
Project("{9A19103F-16F7-4668-BE54-9A1E7A4F7556}") = "Configuration", "..\Common\ClassLibrary1\Configuration.csproj", "{C2DCF27A-0B29-44B9-A3C5-93830501E1C6}"
EndProject
Project("{2150E333-8FDC-42A3-9474-1A3956D46DE8}") = "RM", "RM", "{1CD43B38-14E8-432C-BF86-6C4588EC8DCC}"
EndProject
Project("{9A19103F-16F7-4668-BE54-9A1E7A4F7556}") = "RMDataProvider", "..\RMMManager\DataProvider\RMDataProvider.csproj", "{0925B03B-D7F0-4833-8C37-AD2EEBEE4830}"
EndProject
Project("{9A19103F-16F7-4668-BE54-9A1E7A4F7556}") = "RMDataProvider.Interface", "..\RMMManager\DataProvider.Interface\RMDataProvider.Interface.csproj", "{6DA5CD3F-540A-4E2F-A9C3-4E383C5E1A83}"
EndProject
Project("{9A19103F-16F7-4668-BE54-9A1E7A4F7556}") = "RMDataFactory", "..\RMMManager\RMMDataFactory\RMDataFactory.csproj", "{696306B9-2147-41C8-B3DD-13EFCCC7FA7F}"
EndProject
Project("{9A19103F-16F7-4668-BE54-9A1E7A4F7556}") = "DataModel", "..\Common\DataModel\DataModel.csproj", "{25E9F08E-CF11-4B31-9DEB-CACD238AD5B6}"
EndProject
Project("{9A19103F-16F7-4668-BE54-9A1E7A4F7556}") = "RMDataProvider.Model", "..\RMMManager\RMDataProvider.Model\RMDataProvider.Model.csproj", "{C4260150-F2A6-4175-A1A6-DD2E449938AD}"
EndProject
Project("{9A19103F-16F7-4668-BE54-9A1E7A4F7556}") = "RMUtil", "..\RMMManager\RMUtil\RMUtil.csproj", "{8389CFBA-16F1-4BCA-86A8-5270B3BC389D}"
EndProject
Project("{9A19103F-16F7-4668-BE54-9A1E7A4F7556}") = "NSI.Entities", "..\Node API WS\NSI.Entities\NSI.Entities.csproj", "{99A68560-6FFF-452F-B448-9932207181EE}"
EndProject
Project("{9A19103F-16F7-4668-BE54-9A1E7A4F7556}") = "AuthCore.Model", "AuthCore.Model\AuthCore.Model.csproj", "{243F4DDF-895C-4F42-9761-BF1205606DC8}"
EndProject
Project("{9A19103F-16F7-4668-BE54-9A1E7A4F7556}") = "AuthCore.Utils", "AuthCore.Utils\AuthCore.Utils.csproj", "{8896784B-0597-4BA3-82DD-ED13AB49C366}"
EndProject
Project("{9A19103F-16F7-4668-BE54-9A1E7A4F7556}") = "ArtefactDataModel", "..\Common\ArtefactDataModel\ArtefactDataModel.csproj", "{46D522AA-9BB8-409B-92A6-38E9E0264410}"
EndProject
Project("{FAE04EC0-301F-11D3-BF4B-00C04F79EFBC}") = "AuthDBCore", "AuthDBCore\AuthDBCore.csproj", "{70DA6C30-9FD2-42CB-A7EC-92316FBE27F5}"
EndProject
Project("{FAE04EC0-301F-11D3-BF4B-00C04F79EFBC}") = "DMApiWs", "DMApiWs\DMApiWs.csproj", "{2CDF0C81-A73B-4141-8660-1A25DA760E9F}"
EndProject
Global
	GlobalSection(SolutionConfigurationPlatforms) = preSolution
		Debug|Any CPU = Debug|Any CPU
		Release|Any CPU = Release|Any CPU
	EndGlobalSection
	GlobalSection(ProjectConfigurationPlatforms) = postSolution
		{0083230B-BCD7-43D4-A0C4-60BE65ED6CDB}.Debug|Any CPU.ActiveCfg = Debug|Any CPU
		{0083230B-BCD7-43D4-A0C4-60BE65ED6CDB}.Debug|Any CPU.Build.0 = Debug|Any CPU
		{0083230B-BCD7-43D4-A0C4-60BE65ED6CDB}.Release|Any CPU.ActiveCfg = Release|Any CPU
		{0083230B-BCD7-43D4-A0C4-60BE65ED6CDB}.Release|Any CPU.Build.0 = Release|Any CPU
		{82DB36D9-8D9F-403B-9B5F-9F0F1263874D}.Debug|Any CPU.ActiveCfg = Debug|Any CPU
		{82DB36D9-8D9F-403B-9B5F-9F0F1263874D}.Debug|Any CPU.Build.0 = Debug|Any CPU
		{82DB36D9-8D9F-403B-9B5F-9F0F1263874D}.Release|Any CPU.ActiveCfg = Release|Any CPU
		{82DB36D9-8D9F-403B-9B5F-9F0F1263874D}.Release|Any CPU.Build.0 = Release|Any CPU
		{4A083D65-E4D7-4267-B56E-C15A354151A4}.Debug|Any CPU.ActiveCfg = Debug|Any CPU
		{4A083D65-E4D7-4267-B56E-C15A354151A4}.Debug|Any CPU.Build.0 = Debug|Any CPU
		{4A083D65-E4D7-4267-B56E-C15A354151A4}.Release|Any CPU.ActiveCfg = Release|Any CPU
		{4A083D65-E4D7-4267-B56E-C15A354151A4}.Release|Any CPU.Build.0 = Release|Any CPU
		{C185800F-B122-4E95-B9BA-9E9E6E933468}.Debug|Any CPU.ActiveCfg = Debug|Any CPU
		{C185800F-B122-4E95-B9BA-9E9E6E933468}.Debug|Any CPU.Build.0 = Debug|Any CPU
		{C185800F-B122-4E95-B9BA-9E9E6E933468}.Release|Any CPU.ActiveCfg = Release|Any CPU
		{C185800F-B122-4E95-B9BA-9E9E6E933468}.Release|Any CPU.Build.0 = Release|Any CPU
		{87B983E5-19E4-4CBD-A42F-4D136A1C6A00}.Debug|Any CPU.ActiveCfg = Debug|Any CPU
		{87B983E5-19E4-4CBD-A42F-4D136A1C6A00}.Debug|Any CPU.Build.0 = Debug|Any CPU
		{87B983E5-19E4-4CBD-A42F-4D136A1C6A00}.Release|Any CPU.ActiveCfg = Release|Any CPU
		{87B983E5-19E4-4CBD-A42F-4D136A1C6A00}.Release|Any CPU.Build.0 = Release|Any CPU
		{B4E60199-6B7C-45A6-B1A3-76E892C09379}.Debug|Any CPU.ActiveCfg = Debug|Any CPU
		{B4E60199-6B7C-45A6-B1A3-76E892C09379}.Debug|Any CPU.Build.0 = Debug|Any CPU
		{B4E60199-6B7C-45A6-B1A3-76E892C09379}.Release|Any CPU.ActiveCfg = Release|Any CPU
		{B4E60199-6B7C-45A6-B1A3-76E892C09379}.Release|Any CPU.Build.0 = Release|Any CPU
		{F854E273-C0BB-46F6-9ED0-B2E366CB9710}.Debug|Any CPU.ActiveCfg = Debug|Any CPU
		{F854E273-C0BB-46F6-9ED0-B2E366CB9710}.Debug|Any CPU.Build.0 = Debug|Any CPU
		{F854E273-C0BB-46F6-9ED0-B2E366CB9710}.Release|Any CPU.ActiveCfg = Release|Any CPU
		{F854E273-C0BB-46F6-9ED0-B2E366CB9710}.Release|Any CPU.Build.0 = Release|Any CPU
		{9FCA904E-993C-492E-B872-3F3F4DD78786}.Debug|Any CPU.ActiveCfg = Debug|Any CPU
		{9FCA904E-993C-492E-B872-3F3F4DD78786}.Debug|Any CPU.Build.0 = Debug|Any CPU
		{9FCA904E-993C-492E-B872-3F3F4DD78786}.Release|Any CPU.ActiveCfg = Release|Any CPU
		{9FCA904E-993C-492E-B872-3F3F4DD78786}.Release|Any CPU.Build.0 = Release|Any CPU
		{115BCE65-F5ED-496E-BD09-3FE40FA827F2}.Debug|Any CPU.ActiveCfg = Debug|Any CPU
		{115BCE65-F5ED-496E-BD09-3FE40FA827F2}.Debug|Any CPU.Build.0 = Debug|Any CPU
		{115BCE65-F5ED-496E-BD09-3FE40FA827F2}.Release|Any CPU.ActiveCfg = Release|Any CPU
		{115BCE65-F5ED-496E-BD09-3FE40FA827F2}.Release|Any CPU.Build.0 = Release|Any CPU
		{71099AF0-EDFF-4880-8539-B4BD16357A68}.Debug|Any CPU.ActiveCfg = Debug|Any CPU
		{71099AF0-EDFF-4880-8539-B4BD16357A68}.Debug|Any CPU.Build.0 = Debug|Any CPU
		{71099AF0-EDFF-4880-8539-B4BD16357A68}.Release|Any CPU.ActiveCfg = Release|Any CPU
		{71099AF0-EDFF-4880-8539-B4BD16357A68}.Release|Any CPU.Build.0 = Release|Any CPU
		{3387700B-EE84-4994-AA2D-BD7F456F3E93}.Debug|Any CPU.ActiveCfg = Debug|Any CPU
		{3387700B-EE84-4994-AA2D-BD7F456F3E93}.Debug|Any CPU.Build.0 = Debug|Any CPU
		{3387700B-EE84-4994-AA2D-BD7F456F3E93}.Release|Any CPU.ActiveCfg = Release|Any CPU
		{3387700B-EE84-4994-AA2D-BD7F456F3E93}.Release|Any CPU.Build.0 = Release|Any CPU
		{68AD1CAF-B233-422F-AF99-C559FC9A4865}.Debug|Any CPU.ActiveCfg = Debug|Any CPU
		{68AD1CAF-B233-422F-AF99-C559FC9A4865}.Debug|Any CPU.Build.0 = Debug|Any CPU
		{68AD1CAF-B233-422F-AF99-C559FC9A4865}.Release|Any CPU.ActiveCfg = Release|Any CPU
		{68AD1CAF-B233-422F-AF99-C559FC9A4865}.Release|Any CPU.Build.0 = Release|Any CPU
		{C2DCF27A-0B29-44B9-A3C5-93830501E1C6}.Debug|Any CPU.ActiveCfg = Debug|Any CPU
		{C2DCF27A-0B29-44B9-A3C5-93830501E1C6}.Debug|Any CPU.Build.0 = Debug|Any CPU
		{C2DCF27A-0B29-44B9-A3C5-93830501E1C6}.Release|Any CPU.ActiveCfg = Release|Any CPU
		{C2DCF27A-0B29-44B9-A3C5-93830501E1C6}.Release|Any CPU.Build.0 = Release|Any CPU
		{0925B03B-D7F0-4833-8C37-AD2EEBEE4830}.Debug|Any CPU.ActiveCfg = Debug|Any CPU
		{0925B03B-D7F0-4833-8C37-AD2EEBEE4830}.Debug|Any CPU.Build.0 = Debug|Any CPU
		{0925B03B-D7F0-4833-8C37-AD2EEBEE4830}.Release|Any CPU.ActiveCfg = Release|Any CPU
		{0925B03B-D7F0-4833-8C37-AD2EEBEE4830}.Release|Any CPU.Build.0 = Release|Any CPU
		{6DA5CD3F-540A-4E2F-A9C3-4E383C5E1A83}.Debug|Any CPU.ActiveCfg = Debug|Any CPU
		{6DA5CD3F-540A-4E2F-A9C3-4E383C5E1A83}.Debug|Any CPU.Build.0 = Debug|Any CPU
		{6DA5CD3F-540A-4E2F-A9C3-4E383C5E1A83}.Release|Any CPU.ActiveCfg = Release|Any CPU
		{6DA5CD3F-540A-4E2F-A9C3-4E383C5E1A83}.Release|Any CPU.Build.0 = Release|Any CPU
		{696306B9-2147-41C8-B3DD-13EFCCC7FA7F}.Debug|Any CPU.ActiveCfg = Debug|Any CPU
		{696306B9-2147-41C8-B3DD-13EFCCC7FA7F}.Debug|Any CPU.Build.0 = Debug|Any CPU
		{696306B9-2147-41C8-B3DD-13EFCCC7FA7F}.Release|Any CPU.ActiveCfg = Release|Any CPU
		{696306B9-2147-41C8-B3DD-13EFCCC7FA7F}.Release|Any CPU.Build.0 = Release|Any CPU
		{25E9F08E-CF11-4B31-9DEB-CACD238AD5B6}.Debug|Any CPU.ActiveCfg = Debug|Any CPU
		{25E9F08E-CF11-4B31-9DEB-CACD238AD5B6}.Debug|Any CPU.Build.0 = Debug|Any CPU
		{25E9F08E-CF11-4B31-9DEB-CACD238AD5B6}.Release|Any CPU.ActiveCfg = Release|Any CPU
		{25E9F08E-CF11-4B31-9DEB-CACD238AD5B6}.Release|Any CPU.Build.0 = Release|Any CPU
		{C4260150-F2A6-4175-A1A6-DD2E449938AD}.Debug|Any CPU.ActiveCfg = Debug|Any CPU
		{C4260150-F2A6-4175-A1A6-DD2E449938AD}.Debug|Any CPU.Build.0 = Debug|Any CPU
		{C4260150-F2A6-4175-A1A6-DD2E449938AD}.Release|Any CPU.ActiveCfg = Release|Any CPU
		{C4260150-F2A6-4175-A1A6-DD2E449938AD}.Release|Any CPU.Build.0 = Release|Any CPU
		{8389CFBA-16F1-4BCA-86A8-5270B3BC389D}.Debug|Any CPU.ActiveCfg = Debug|Any CPU
		{8389CFBA-16F1-4BCA-86A8-5270B3BC389D}.Debug|Any CPU.Build.0 = Debug|Any CPU
		{8389CFBA-16F1-4BCA-86A8-5270B3BC389D}.Release|Any CPU.ActiveCfg = Release|Any CPU
		{8389CFBA-16F1-4BCA-86A8-5270B3BC389D}.Release|Any CPU.Build.0 = Release|Any CPU
		{99A68560-6FFF-452F-B448-9932207181EE}.Debug|Any CPU.ActiveCfg = Debug|Any CPU
		{99A68560-6FFF-452F-B448-9932207181EE}.Debug|Any CPU.Build.0 = Debug|Any CPU
		{99A68560-6FFF-452F-B448-9932207181EE}.Release|Any CPU.ActiveCfg = Release|Any CPU
		{99A68560-6FFF-452F-B448-9932207181EE}.Release|Any CPU.Build.0 = Release|Any CPU
		{243F4DDF-895C-4F42-9761-BF1205606DC8}.Debug|Any CPU.ActiveCfg = Debug|Any CPU
		{243F4DDF-895C-4F42-9761-BF1205606DC8}.Debug|Any CPU.Build.0 = Debug|Any CPU
		{243F4DDF-895C-4F42-9761-BF1205606DC8}.Release|Any CPU.ActiveCfg = Release|Any CPU
		{243F4DDF-895C-4F42-9761-BF1205606DC8}.Release|Any CPU.Build.0 = Release|Any CPU
		{8896784B-0597-4BA3-82DD-ED13AB49C366}.Debug|Any CPU.ActiveCfg = Debug|Any CPU
		{8896784B-0597-4BA3-82DD-ED13AB49C366}.Debug|Any CPU.Build.0 = Debug|Any CPU
		{8896784B-0597-4BA3-82DD-ED13AB49C366}.Release|Any CPU.ActiveCfg = Release|Any CPU
		{8896784B-0597-4BA3-82DD-ED13AB49C366}.Release|Any CPU.Build.0 = Release|Any CPU
		{46D522AA-9BB8-409B-92A6-38E9E0264410}.Debug|Any CPU.ActiveCfg = Debug|Any CPU
		{46D522AA-9BB8-409B-92A6-38E9E0264410}.Debug|Any CPU.Build.0 = Debug|Any CPU
		{46D522AA-9BB8-409B-92A6-38E9E0264410}.Release|Any CPU.ActiveCfg = Release|Any CPU
		{46D522AA-9BB8-409B-92A6-38E9E0264410}.Release|Any CPU.Build.0 = Release|Any CPU
		{70DA6C30-9FD2-42CB-A7EC-92316FBE27F5}.Debug|Any CPU.ActiveCfg = Debug|Any CPU
		{70DA6C30-9FD2-42CB-A7EC-92316FBE27F5}.Debug|Any CPU.Build.0 = Debug|Any CPU
		{70DA6C30-9FD2-42CB-A7EC-92316FBE27F5}.Release|Any CPU.ActiveCfg = Release|Any CPU
		{70DA6C30-9FD2-42CB-A7EC-92316FBE27F5}.Release|Any CPU.Build.0 = Release|Any CPU
		{2CDF0C81-A73B-4141-8660-1A25DA760E9F}.Debug|Any CPU.ActiveCfg = Debug|Any CPU
		{2CDF0C81-A73B-4141-8660-1A25DA760E9F}.Debug|Any CPU.Build.0 = Debug|Any CPU
		{2CDF0C81-A73B-4141-8660-1A25DA760E9F}.Release|Any CPU.ActiveCfg = Release|Any CPU
		{2CDF0C81-A73B-4141-8660-1A25DA760E9F}.Release|Any CPU.Build.0 = Release|Any CPU
	EndGlobalSection
	GlobalSection(SolutionProperties) = preSolution
		HideSolutionNode = FALSE
	EndGlobalSection
	GlobalSection(NestedProjects) = preSolution
		{2EBE742E-0F97-4638-9009-EF02238FC52F} = {65AE1A0D-BE60-4D1E-BECE-619B8227D129}
		{0083230B-BCD7-43D4-A0C4-60BE65ED6CDB} = {C2862DEC-8753-4462-B900-518A990D298D}
		{82DB36D9-8D9F-403B-9B5F-9F0F1263874D} = {C2862DEC-8753-4462-B900-518A990D298D}
		{4A083D65-E4D7-4267-B56E-C15A354151A4} = {C2862DEC-8753-4462-B900-518A990D298D}
		{C185800F-B122-4E95-B9BA-9E9E6E933468} = {C2862DEC-8753-4462-B900-518A990D298D}
		{87B983E5-19E4-4CBD-A42F-4D136A1C6A00} = {2EBE742E-0F97-4638-9009-EF02238FC52F}
		{B4E60199-6B7C-45A6-B1A3-76E892C09379} = {2EBE742E-0F97-4638-9009-EF02238FC52F}
		{F854E273-C0BB-46F6-9ED0-B2E366CB9710} = {2EBE742E-0F97-4638-9009-EF02238FC52F}
		{9FCA904E-993C-492E-B872-3F3F4DD78786} = {65AE1A0D-BE60-4D1E-BECE-619B8227D129}
		{115BCE65-F5ED-496E-BD09-3FE40FA827F2} = {928B08B3-8135-40C0-8CA6-928C5F3A951B}
		{71099AF0-EDFF-4880-8539-B4BD16357A68} = {928B08B3-8135-40C0-8CA6-928C5F3A951B}
		{3387700B-EE84-4994-AA2D-BD7F456F3E93} = {928B08B3-8135-40C0-8CA6-928C5F3A951B}
		{68AD1CAF-B233-422F-AF99-C559FC9A4865} = {928B08B3-8135-40C0-8CA6-928C5F3A951B}
		{C2DCF27A-0B29-44B9-A3C5-93830501E1C6} = {65AE1A0D-BE60-4D1E-BECE-619B8227D129}
		{0925B03B-D7F0-4833-8C37-AD2EEBEE4830} = {1CD43B38-14E8-432C-BF86-6C4588EC8DCC}
		{6DA5CD3F-540A-4E2F-A9C3-4E383C5E1A83} = {1CD43B38-14E8-432C-BF86-6C4588EC8DCC}
		{696306B9-2147-41C8-B3DD-13EFCCC7FA7F} = {1CD43B38-14E8-432C-BF86-6C4588EC8DCC}
		{25E9F08E-CF11-4B31-9DEB-CACD238AD5B6} = {65AE1A0D-BE60-4D1E-BECE-619B8227D129}
		{C4260150-F2A6-4175-A1A6-DD2E449938AD} = {1CD43B38-14E8-432C-BF86-6C4588EC8DCC}
		{8389CFBA-16F1-4BCA-86A8-5270B3BC389D} = {1CD43B38-14E8-432C-BF86-6C4588EC8DCC}
		{99A68560-6FFF-452F-B448-9932207181EE} = {65AE1A0D-BE60-4D1E-BECE-619B8227D129}
		{243F4DDF-895C-4F42-9761-BF1205606DC8} = {65AE1A0D-BE60-4D1E-BECE-619B8227D129}
		{8896784B-0597-4BA3-82DD-ED13AB49C366} = {65AE1A0D-BE60-4D1E-BECE-619B8227D129}
		{46D522AA-9BB8-409B-92A6-38E9E0264410} = {65AE1A0D-BE60-4D1E-BECE-619B8227D129}
		{70DA6C30-9FD2-42CB-A7EC-92316FBE27F5} = {65AE1A0D-BE60-4D1E-BECE-619B8227D129}
		{2CDF0C81-A73B-4141-8660-1A25DA760E9F} = {C2862DEC-8753-4462-B900-518A990D298D}
	EndGlobalSection
	GlobalSection(ExtensibilityGlobals) = postSolution
		SolutionGuid = {0BFE361D-51DF-4334-9A6D-0B48A0FCC188}
	EndGlobalSection
EndGlobal
