
Microsoft Visual Studio Solution File, Format Version 12.00
# Visual Studio 15
VisualStudioVersion = 15.0.28010.2036
MinimumVisualStudioVersion = 10.0.40219.1
Project("{9A19103F-16F7-4668-BE54-9A1E7A4F7556}") = "BusinessLogic", "Backend\BusinessLogic.csproj", "{219D8DC4-7FFF-46A4-8F5F-1A7FC6C4DDE4}"
EndProject
Project("{9A19103F-16F7-4668-BE54-9A1E7A4F7556}") = "Connector", "EndpointConnectors\Connector.csproj", "{7734C5F1-79AC-4D6B-9018-51419DC830A2}"
EndProject
Project("{9A19103F-16F7-4668-BE54-9A1E7A4F7556}") = "API", "CrudApi\API.csproj", "{11E0C3E0-C6DD-4817-8D05-C26368A293C6}"
EndProject
Project("{9A19103F-16F7-4668-BE54-9A1E7A4F7556}") = "Configuration", "..\Common\ClassLibrary1\Configuration.csproj", "{A8F843C2-0AE8-4077-9035-FFEA12B3E561}"
EndProject
Project("{9A19103F-16F7-4668-BE54-9A1E7A4F7556}") = "DDB.Entities", "..\DM API WS\DDB.Entities\DDB.Entities.csproj", "{F19981B2-2BDE-4662-86DE-F45FC4B82F67}"
EndProject
Project("{9A19103F-16F7-4668-BE54-9A1E7A4F7556}") = "Infrastructure.STLogging.Factory", "..\Common\Infrastructure.STLogging.Factory\Infrastructure.STLogging.Factory.csproj", "{7BF75CFE-3319-4001-AEC5-34D0253D6174}"
EndProject
Project("{9A19103F-16F7-4668-BE54-9A1E7A4F7556}") = "Infrastructure.STLogging.Interface", "..\Common\Infrastructure.STLogging.Interface\Infrastructure.STLogging.Interface.csproj", "{682D0E63-9E91-455A-96C4-B8E3080078A4}"
EndProject
Project("{9A19103F-16F7-4668-BE54-9A1E7A4F7556}") = "Infrastructure.STLogging.Log4Net", "..\Common\Infrastructure.STLogging.Log4Net\Infrastructure.STLogging.Log4Net.csproj", "{D35711DA-E9DD-4848-95C4-6DEC0E66B537}"
EndProject
Project("{9A19103F-16F7-4668-BE54-9A1E7A4F7556}") = "Infrastructure.Utils", "..\Common\Infrastructure.Utils\Infrastructure.Utils.csproj", "{32095C7F-291F-4DF8-ADAC-E303F06B3539}"
EndProject
Project("{2150E333-8FDC-42A3-9474-1A3956D46DE8}") = "Infrastructure", "Infrastructure", "{6088CF8B-9956-4920-A662-B908B918FD58}"
EndProject
Project("{2150E333-8FDC-42A3-9474-1A3956D46DE8}") = "Logs", "Logs", "{E1597DCD-7A89-4621-9F90-D456562946B5}"
EndProject
Project("{9A19103F-16F7-4668-BE54-9A1E7A4F7556}") = "MA.Entities", "MA.Entities\MA.Entities.csproj", "{A2508D76-6EA3-48B0-8A4C-4A0DC967A60E}"
EndProject
Project("{9A19103F-16F7-4668-BE54-9A1E7A4F7556}") = "NSI.Entities", "NSI.Entities\NSI.Entities.csproj", "{177B81EC-1704-466C-BB6F-4B1B922D288F}"
EndProject
Project("{9A19103F-16F7-4668-BE54-9A1E7A4F7556}") = "DataModel", "..\Common\DataModel\DataModel.csproj", "{38C3228A-AA18-4EDE-A807-9557417AB305}"
EndProject
Project("{2150E333-8FDC-42A3-9474-1A3956D46DE8}") = "RM", "RM", "{09A56C99-2E64-4D43-8421-03FAA5671162}"
EndProject
Project("{9A19103F-16F7-4668-BE54-9A1E7A4F7556}") = "RMDataProvider.Model", "..\RMMManager\RMDataProvider.Model\RMDataProvider.Model.csproj", "{EAAB3D79-D65C-442F-9BCB-2CE84C46869E}"
EndProject
Project("{9A19103F-16F7-4668-BE54-9A1E7A4F7556}") = "RMUtil", "..\RMMManager\RMUtil\RMUtil.csproj", "{378A7681-E320-4ACC-90FB-B4F4B3769918}"
EndProject
Project("{9A19103F-16F7-4668-BE54-9A1E7A4F7556}") = "AuthCore.Utils", "..\DM API WS\AuthCore.Utils\AuthCore.Utils.csproj", "{BD30E726-3480-43EF-91E5-34C8DD82C57A}"
EndProject
Project("{9A19103F-16F7-4668-BE54-9A1E7A4F7556}") = "AuthCore.Model", "..\DM API WS\AuthCore.Model\AuthCore.Model.csproj", "{90E90CDD-4432-4E0E-9F96-47336956E1CF}"
EndProject
Project("{9A19103F-16F7-4668-BE54-9A1E7A4F7556}") = "DotNetRtfWriter", "DotNetRtfWriter\DotNetRtfWriter.csproj", "{9E7E0E78-2110-4CD1-8753-0511421D80CC}"
EndProject
Project("{FAE04EC0-301F-11D3-BF4B-00C04F79EFBC}") = "ArtefactDataModel", "..\Common\ArtefactDataModel\ArtefactDataModel.csproj", "{9068B0E0-A188-4494-9530-9C9EA53DE8FD}"
EndProject
Global
	GlobalSection(SolutionConfigurationPlatforms) = preSolution
		Debug|Any CPU = Debug|Any CPU
		Release|Any CPU = Release|Any CPU
	EndGlobalSection
	GlobalSection(ProjectConfigurationPlatforms) = postSolution
		{219D8DC4-7FFF-46A4-8F5F-1A7FC6C4DDE4}.Debug|Any CPU.ActiveCfg = Debug|Any CPU
		{219D8DC4-7FFF-46A4-8F5F-1A7FC6C4DDE4}.Debug|Any CPU.Build.0 = Debug|Any CPU
		{219D8DC4-7FFF-46A4-8F5F-1A7FC6C4DDE4}.Release|Any CPU.ActiveCfg = Release|Any CPU
		{219D8DC4-7FFF-46A4-8F5F-1A7FC6C4DDE4}.Release|Any CPU.Build.0 = Release|Any CPU
		{7734C5F1-79AC-4D6B-9018-51419DC830A2}.Debug|Any CPU.ActiveCfg = Debug|Any CPU
		{7734C5F1-79AC-4D6B-9018-51419DC830A2}.Debug|Any CPU.Build.0 = Debug|Any CPU
		{7734C5F1-79AC-4D6B-9018-51419DC830A2}.Release|Any CPU.ActiveCfg = Release|Any CPU
		{7734C5F1-79AC-4D6B-9018-51419DC830A2}.Release|Any CPU.Build.0 = Release|Any CPU
		{11E0C3E0-C6DD-4817-8D05-C26368A293C6}.Debug|Any CPU.ActiveCfg = Debug|Any CPU
		{11E0C3E0-C6DD-4817-8D05-C26368A293C6}.Debug|Any CPU.Build.0 = Debug|Any CPU
		{11E0C3E0-C6DD-4817-8D05-C26368A293C6}.Release|Any CPU.ActiveCfg = Release|Any CPU
		{11E0C3E0-C6DD-4817-8D05-C26368A293C6}.Release|Any CPU.Build.0 = Release|Any CPU
		{A8F843C2-0AE8-4077-9035-FFEA12B3E561}.Debug|Any CPU.ActiveCfg = Debug|Any CPU
		{A8F843C2-0AE8-4077-9035-FFEA12B3E561}.Debug|Any CPU.Build.0 = Debug|Any CPU
		{A8F843C2-0AE8-4077-9035-FFEA12B3E561}.Release|Any CPU.ActiveCfg = Release|Any CPU
		{A8F843C2-0AE8-4077-9035-FFEA12B3E561}.Release|Any CPU.Build.0 = Release|Any CPU
		{F19981B2-2BDE-4662-86DE-F45FC4B82F67}.Debug|Any CPU.ActiveCfg = Debug|Any CPU
		{F19981B2-2BDE-4662-86DE-F45FC4B82F67}.Debug|Any CPU.Build.0 = Debug|Any CPU
		{F19981B2-2BDE-4662-86DE-F45FC4B82F67}.Release|Any CPU.ActiveCfg = Release|Any CPU
		{F19981B2-2BDE-4662-86DE-F45FC4B82F67}.Release|Any CPU.Build.0 = Release|Any CPU
		{7BF75CFE-3319-4001-AEC5-34D0253D6174}.Debug|Any CPU.ActiveCfg = Debug|Any CPU
		{7BF75CFE-3319-4001-AEC5-34D0253D6174}.Debug|Any CPU.Build.0 = Debug|Any CPU
		{7BF75CFE-3319-4001-AEC5-34D0253D6174}.Release|Any CPU.ActiveCfg = Release|Any CPU
		{7BF75CFE-3319-4001-AEC5-34D0253D6174}.Release|Any CPU.Build.0 = Release|Any CPU
		{682D0E63-9E91-455A-96C4-B8E3080078A4}.Debug|Any CPU.ActiveCfg = Debug|Any CPU
		{682D0E63-9E91-455A-96C4-B8E3080078A4}.Debug|Any CPU.Build.0 = Debug|Any CPU
		{682D0E63-9E91-455A-96C4-B8E3080078A4}.Release|Any CPU.ActiveCfg = Release|Any CPU
		{682D0E63-9E91-455A-96C4-B8E3080078A4}.Release|Any CPU.Build.0 = Release|Any CPU
		{D35711DA-E9DD-4848-95C4-6DEC0E66B537}.Debug|Any CPU.ActiveCfg = Debug|Any CPU
		{D35711DA-E9DD-4848-95C4-6DEC0E66B537}.Debug|Any CPU.Build.0 = Debug|Any CPU
		{D35711DA-E9DD-4848-95C4-6DEC0E66B537}.Release|Any CPU.ActiveCfg = Release|Any CPU
		{D35711DA-E9DD-4848-95C4-6DEC0E66B537}.Release|Any CPU.Build.0 = Release|Any CPU
		{32095C7F-291F-4DF8-ADAC-E303F06B3539}.Debug|Any CPU.ActiveCfg = Debug|Any CPU
		{32095C7F-291F-4DF8-ADAC-E303F06B3539}.Debug|Any CPU.Build.0 = Debug|Any CPU
		{32095C7F-291F-4DF8-ADAC-E303F06B3539}.Release|Any CPU.ActiveCfg = Release|Any CPU
		{32095C7F-291F-4DF8-ADAC-E303F06B3539}.Release|Any CPU.Build.0 = Release|Any CPU
		{A2508D76-6EA3-48B0-8A4C-4A0DC967A60E}.Debug|Any CPU.ActiveCfg = Debug|Any CPU
		{A2508D76-6EA3-48B0-8A4C-4A0DC967A60E}.Debug|Any CPU.Build.0 = Debug|Any CPU
		{A2508D76-6EA3-48B0-8A4C-4A0DC967A60E}.Release|Any CPU.ActiveCfg = Release|Any CPU
		{A2508D76-6EA3-48B0-8A4C-4A0DC967A60E}.Release|Any CPU.Build.0 = Release|Any CPU
		{177B81EC-1704-466C-BB6F-4B1B922D288F}.Debug|Any CPU.ActiveCfg = Debug|Any CPU
		{177B81EC-1704-466C-BB6F-4B1B922D288F}.Debug|Any CPU.Build.0 = Debug|Any CPU
		{177B81EC-1704-466C-BB6F-4B1B922D288F}.Release|Any CPU.ActiveCfg = Release|Any CPU
		{177B81EC-1704-466C-BB6F-4B1B922D288F}.Release|Any CPU.Build.0 = Release|Any CPU
		{38C3228A-AA18-4EDE-A807-9557417AB305}.Debug|Any CPU.ActiveCfg = Debug|Any CPU
		{38C3228A-AA18-4EDE-A807-9557417AB305}.Debug|Any CPU.Build.0 = Debug|Any CPU
		{38C3228A-AA18-4EDE-A807-9557417AB305}.Release|Any CPU.ActiveCfg = Release|Any CPU
		{38C3228A-AA18-4EDE-A807-9557417AB305}.Release|Any CPU.Build.0 = Release|Any CPU
		{EAAB3D79-D65C-442F-9BCB-2CE84C46869E}.Debug|Any CPU.ActiveCfg = Debug|Any CPU
		{EAAB3D79-D65C-442F-9BCB-2CE84C46869E}.Debug|Any CPU.Build.0 = Debug|Any CPU
		{EAAB3D79-D65C-442F-9BCB-2CE84C46869E}.Release|Any CPU.ActiveCfg = Release|Any CPU
		{EAAB3D79-D65C-442F-9BCB-2CE84C46869E}.Release|Any CPU.Build.0 = Release|Any CPU
		{378A7681-E320-4ACC-90FB-B4F4B3769918}.Debug|Any CPU.ActiveCfg = Debug|Any CPU
		{378A7681-E320-4ACC-90FB-B4F4B3769918}.Debug|Any CPU.Build.0 = Debug|Any CPU
		{378A7681-E320-4ACC-90FB-B4F4B3769918}.Release|Any CPU.ActiveCfg = Release|Any CPU
		{378A7681-E320-4ACC-90FB-B4F4B3769918}.Release|Any CPU.Build.0 = Release|Any CPU
		{BD30E726-3480-43EF-91E5-34C8DD82C57A}.Debug|Any CPU.ActiveCfg = Debug|Any CPU
		{BD30E726-3480-43EF-91E5-34C8DD82C57A}.Debug|Any CPU.Build.0 = Debug|Any CPU
		{BD30E726-3480-43EF-91E5-34C8DD82C57A}.Release|Any CPU.ActiveCfg = Release|Any CPU
		{BD30E726-3480-43EF-91E5-34C8DD82C57A}.Release|Any CPU.Build.0 = Release|Any CPU
		{90E90CDD-4432-4E0E-9F96-47336956E1CF}.Debug|Any CPU.ActiveCfg = Debug|Any CPU
		{90E90CDD-4432-4E0E-9F96-47336956E1CF}.Debug|Any CPU.Build.0 = Debug|Any CPU
		{90E90CDD-4432-4E0E-9F96-47336956E1CF}.Release|Any CPU.ActiveCfg = Release|Any CPU
		{90E90CDD-4432-4E0E-9F96-47336956E1CF}.Release|Any CPU.Build.0 = Release|Any CPU
		{9E7E0E78-2110-4CD1-8753-0511421D80CC}.Debug|Any CPU.ActiveCfg = Debug|Any CPU
		{9E7E0E78-2110-4CD1-8753-0511421D80CC}.Debug|Any CPU.Build.0 = Debug|Any CPU
		{9E7E0E78-2110-4CD1-8753-0511421D80CC}.Release|Any CPU.ActiveCfg = Release|Any CPU
		{9E7E0E78-2110-4CD1-8753-0511421D80CC}.Release|Any CPU.Build.0 = Release|Any CPU
		{9068B0E0-A188-4494-9530-9C9EA53DE8FD}.Debug|Any CPU.ActiveCfg = Debug|Any CPU
		{9068B0E0-A188-4494-9530-9C9EA53DE8FD}.Debug|Any CPU.Build.0 = Debug|Any CPU
		{9068B0E0-A188-4494-9530-9C9EA53DE8FD}.Release|Any CPU.ActiveCfg = Release|Any CPU
		{9068B0E0-A188-4494-9530-9C9EA53DE8FD}.Release|Any CPU.Build.0 = Release|Any CPU
	EndGlobalSection
	GlobalSection(SolutionProperties) = preSolution
		HideSolutionNode = FALSE
	EndGlobalSection
	GlobalSection(NestedProjects) = preSolution
		{7BF75CFE-3319-4001-AEC5-34D0253D6174} = {E1597DCD-7A89-4621-9F90-D456562946B5}
		{682D0E63-9E91-455A-96C4-B8E3080078A4} = {E1597DCD-7A89-4621-9F90-D456562946B5}
		{D35711DA-E9DD-4848-95C4-6DEC0E66B537} = {E1597DCD-7A89-4621-9F90-D456562946B5}
		{32095C7F-291F-4DF8-ADAC-E303F06B3539} = {6088CF8B-9956-4920-A662-B908B918FD58}
		{E1597DCD-7A89-4621-9F90-D456562946B5} = {6088CF8B-9956-4920-A662-B908B918FD58}
		{38C3228A-AA18-4EDE-A807-9557417AB305} = {6088CF8B-9956-4920-A662-B908B918FD58}
		{EAAB3D79-D65C-442F-9BCB-2CE84C46869E} = {09A56C99-2E64-4D43-8421-03FAA5671162}
		{378A7681-E320-4ACC-90FB-B4F4B3769918} = {09A56C99-2E64-4D43-8421-03FAA5671162}
		{BD30E726-3480-43EF-91E5-34C8DD82C57A} = {6088CF8B-9956-4920-A662-B908B918FD58}
		{90E90CDD-4432-4E0E-9F96-47336956E1CF} = {6088CF8B-9956-4920-A662-B908B918FD58}
		{9068B0E0-A188-4494-9530-9C9EA53DE8FD} = {6088CF8B-9956-4920-A662-B908B918FD58}
	EndGlobalSection
	GlobalSection(ExtensibilityGlobals) = postSolution
		SolutionGuid = {5B7F2C10-E9B2-458B-B3E7-AB2FC5774BBE}
	EndGlobalSection
EndGlobal
