
Microsoft Visual Studio Solution File, Format Version 12.00
# Visual Studio 15
VisualStudioVersion = 15.0.28010.2036
MinimumVisualStudioVersion = 10.0.40219.1
Project("{9A19103F-16F7-4668-BE54-9A1E7A4F7556}") = "Metadata API WS", "Metadata API WS\Metadata API WS.csproj", "{981604A7-D574-4D81-9014-B8DE4B2689B5}"
EndProject
Project("{2150E333-8FDC-42A3-9474-1A3956D46DE8}") = "RM", "RM", "{1B63A444-93B0-485D-B2B2-9271F2075CF5}"
EndProject
Project("{9A19103F-16F7-4668-BE54-9A1E7A4F7556}") = "RMDataProvider", "..\RMMManager\DataProvider\RMDataProvider.csproj", "{C921CC7A-8324-4838-923A-4A88549AEB54}"
EndProject
Project("{9A19103F-16F7-4668-BE54-9A1E7A4F7556}") = "RMDataProvider.Interface", "..\RMMManager\DataProvider.Interface\RMDataProvider.Interface.csproj", "{6AACF539-CDD5-43FF-9B96-332623592927}"
EndProject
Project("{9A19103F-16F7-4668-BE54-9A1E7A4F7556}") = "RMDataProvider.Model", "..\RMMManager\RMDataProvider.Model\RMDataProvider.Model.csproj", "{E0DE0765-58C5-455D-AB4D-64D615BF1BAF}"
EndProject
Project("{9A19103F-16F7-4668-BE54-9A1E7A4F7556}") = "RMDataFactory", "..\RMMManager\RMMDataFactory\RMDataFactory.csproj", "{14F18E54-CEC3-451C-9BD0-17DCFE55A80E}"
EndProject
Project("{2150E333-8FDC-42A3-9474-1A3956D46DE8}") = "DataAccess", "DataAccess", "{0E031B2C-052B-4999-A795-D1F3B88A031F}"
EndProject
Project("{2150E333-8FDC-42A3-9474-1A3956D46DE8}") = "Infrastructure", "Infrastructure", "{568FC8E4-C845-46C5-B4E8-DF5354DB11C1}"
EndProject
Project("{9A19103F-16F7-4668-BE54-9A1E7A4F7556}") = "DataStore.SQLServer", "..\DataAccess\DataStore.SQLServer\DataStore.SQLServer.csproj", "{85FF6C46-B9E9-4A78-9844-C69F9D6878F4}"
EndProject
Project("{9A19103F-16F7-4668-BE54-9A1E7A4F7556}") = "DataStore.Interface", "..\DataAccess\DataStore.Interface\DataStore.Interface.csproj", "{78C507D5-2C15-40B9-B8FF-F2D87C538CC8}"
EndProject
Project("{9A19103F-16F7-4668-BE54-9A1E7A4F7556}") = "DataStore.Base", "..\DataAccess\DataStore.Base\DataStore.Base.csproj", "{7D1003E9-53F5-4989-BC75-A85103524EE7}"
EndProject
Project("{9A19103F-16F7-4668-BE54-9A1E7A4F7556}") = "Infrastructure.STLogging.Interface", "..\Common\Infrastructure.STLogging.Interface\Infrastructure.STLogging.Interface.csproj", "{D94F5791-E491-4EE6-825E-A13088510740}"
EndProject
Project("{9A19103F-16F7-4668-BE54-9A1E7A4F7556}") = "Infrastructure.Utils", "..\Common\Infrastructure.Utils\Infrastructure.Utils.csproj", "{A90F3C42-F3F6-4B18-995B-693F1138DE8D}"
EndProject
Project("{9A19103F-16F7-4668-BE54-9A1E7A4F7556}") = "Infrastructure.STLogging.Factory", "..\Common\Infrastructure.STLogging.Factory\Infrastructure.STLogging.Factory.csproj", "{FFD85002-673B-4BB5-99E7-13E3A77A0CA9}"
EndProject
Project("{9A19103F-16F7-4668-BE54-9A1E7A4F7556}") = "Infrastructure.STLogging.Log4Net", "..\Common\Infrastructure.STLogging.Log4Net\Infrastructure.STLogging.Log4Net.csproj", "{EF590573-72C2-47FE-8727-EDEEF237F55A}"
EndProject
Project("{9A19103F-16F7-4668-BE54-9A1E7A4F7556}") = "Configuration", "..\Common\ClassLibrary1\Configuration.csproj", "{21210EE4-4CB6-4BEB-87D2-AAAA5000B2C1}"
EndProject
Project("{9A19103F-16F7-4668-BE54-9A1E7A4F7556}") = "NSI.Entities", "..\Node API WS\NSI.Entities\NSI.Entities.csproj", "{000170D9-B3A3-46E6-BBAF-ADCC15CB3097}"
EndProject
Project("{9A19103F-16F7-4668-BE54-9A1E7A4F7556}") = "DataModel", "..\Common\DataModel\DataModel.csproj", "{F8F9A6B0-75DF-4ED6-8FA3-8CDDF0887051}"
EndProject
Project("{9A19103F-16F7-4668-BE54-9A1E7A4F7556}") = "DataStore.Factory", "..\DataAccess\DataStore.Factory\DataStore.Factory.csproj", "{A7AFACFB-B01A-454C-B188-B2DC6F928F78}"
EndProject
Project("{9A19103F-16F7-4668-BE54-9A1E7A4F7556}") = "RMUtil", "..\RMMManager\RMUtil\RMUtil.csproj", "{A4C43DEC-0799-4D53-A67A-A4B1BBC43323}"
EndProject
Project("{9A19103F-16F7-4668-BE54-9A1E7A4F7556}") = "AuthCore.Model", "..\DM API WS\AuthCore.Model\AuthCore.Model.csproj", "{42AE2BA7-AF13-46C6-95C5-AD1323C3EDEC}"
EndProject
Project("{9A19103F-16F7-4668-BE54-9A1E7A4F7556}") = "ArtefactDataModel", "..\Common\ArtefactDataModel\ArtefactDataModel.csproj", "{602321E8-B185-4F7B-AC6C-16C552FBF32F}"
EndProject
Global
	GlobalSection(SolutionConfigurationPlatforms) = preSolution
		Debug|Any CPU = Debug|Any CPU
		Release|Any CPU = Release|Any CPU
	EndGlobalSection
	GlobalSection(ProjectConfigurationPlatforms) = postSolution
		{981604A7-D574-4D81-9014-B8DE4B2689B5}.Debug|Any CPU.ActiveCfg = Debug|Any CPU
		{981604A7-D574-4D81-9014-B8DE4B2689B5}.Debug|Any CPU.Build.0 = Debug|Any CPU
		{981604A7-D574-4D81-9014-B8DE4B2689B5}.Release|Any CPU.ActiveCfg = Release|Any CPU
		{981604A7-D574-4D81-9014-B8DE4B2689B5}.Release|Any CPU.Build.0 = Release|Any CPU
		{C921CC7A-8324-4838-923A-4A88549AEB54}.Debug|Any CPU.ActiveCfg = Debug|Any CPU
		{C921CC7A-8324-4838-923A-4A88549AEB54}.Debug|Any CPU.Build.0 = Debug|Any CPU
		{C921CC7A-8324-4838-923A-4A88549AEB54}.Release|Any CPU.ActiveCfg = Release|Any CPU
		{C921CC7A-8324-4838-923A-4A88549AEB54}.Release|Any CPU.Build.0 = Release|Any CPU
		{6AACF539-CDD5-43FF-9B96-332623592927}.Debug|Any CPU.ActiveCfg = Debug|Any CPU
		{6AACF539-CDD5-43FF-9B96-332623592927}.Debug|Any CPU.Build.0 = Debug|Any CPU
		{6AACF539-CDD5-43FF-9B96-332623592927}.Release|Any CPU.ActiveCfg = Release|Any CPU
		{6AACF539-CDD5-43FF-9B96-332623592927}.Release|Any CPU.Build.0 = Release|Any CPU
		{E0DE0765-58C5-455D-AB4D-64D615BF1BAF}.Debug|Any CPU.ActiveCfg = Debug|Any CPU
		{E0DE0765-58C5-455D-AB4D-64D615BF1BAF}.Debug|Any CPU.Build.0 = Debug|Any CPU
		{E0DE0765-58C5-455D-AB4D-64D615BF1BAF}.Release|Any CPU.ActiveCfg = Release|Any CPU
		{E0DE0765-58C5-455D-AB4D-64D615BF1BAF}.Release|Any CPU.Build.0 = Release|Any CPU
		{14F18E54-CEC3-451C-9BD0-17DCFE55A80E}.Debug|Any CPU.ActiveCfg = Debug|Any CPU
		{14F18E54-CEC3-451C-9BD0-17DCFE55A80E}.Debug|Any CPU.Build.0 = Debug|Any CPU
		{14F18E54-CEC3-451C-9BD0-17DCFE55A80E}.Release|Any CPU.ActiveCfg = Release|Any CPU
		{14F18E54-CEC3-451C-9BD0-17DCFE55A80E}.Release|Any CPU.Build.0 = Release|Any CPU
		{85FF6C46-B9E9-4A78-9844-C69F9D6878F4}.Debug|Any CPU.ActiveCfg = Debug|Any CPU
		{85FF6C46-B9E9-4A78-9844-C69F9D6878F4}.Debug|Any CPU.Build.0 = Debug|Any CPU
		{85FF6C46-B9E9-4A78-9844-C69F9D6878F4}.Release|Any CPU.ActiveCfg = Release|Any CPU
		{85FF6C46-B9E9-4A78-9844-C69F9D6878F4}.Release|Any CPU.Build.0 = Release|Any CPU
		{78C507D5-2C15-40B9-B8FF-F2D87C538CC8}.Debug|Any CPU.ActiveCfg = Debug|Any CPU
		{78C507D5-2C15-40B9-B8FF-F2D87C538CC8}.Debug|Any CPU.Build.0 = Debug|Any CPU
		{78C507D5-2C15-40B9-B8FF-F2D87C538CC8}.Release|Any CPU.ActiveCfg = Release|Any CPU
		{78C507D5-2C15-40B9-B8FF-F2D87C538CC8}.Release|Any CPU.Build.0 = Release|Any CPU
		{7D1003E9-53F5-4989-BC75-A85103524EE7}.Debug|Any CPU.ActiveCfg = Debug|Any CPU
		{7D1003E9-53F5-4989-BC75-A85103524EE7}.Debug|Any CPU.Build.0 = Debug|Any CPU
		{7D1003E9-53F5-4989-BC75-A85103524EE7}.Release|Any CPU.ActiveCfg = Release|Any CPU
		{7D1003E9-53F5-4989-BC75-A85103524EE7}.Release|Any CPU.Build.0 = Release|Any CPU
		{D94F5791-E491-4EE6-825E-A13088510740}.Debug|Any CPU.ActiveCfg = Debug|Any CPU
		{D94F5791-E491-4EE6-825E-A13088510740}.Debug|Any CPU.Build.0 = Debug|Any CPU
		{D94F5791-E491-4EE6-825E-A13088510740}.Release|Any CPU.ActiveCfg = Release|Any CPU
		{D94F5791-E491-4EE6-825E-A13088510740}.Release|Any CPU.Build.0 = Release|Any CPU
		{A90F3C42-F3F6-4B18-995B-693F1138DE8D}.Debug|Any CPU.ActiveCfg = Debug|Any CPU
		{A90F3C42-F3F6-4B18-995B-693F1138DE8D}.Debug|Any CPU.Build.0 = Debug|Any CPU
		{A90F3C42-F3F6-4B18-995B-693F1138DE8D}.Release|Any CPU.ActiveCfg = Release|Any CPU
		{A90F3C42-F3F6-4B18-995B-693F1138DE8D}.Release|Any CPU.Build.0 = Release|Any CPU
		{FFD85002-673B-4BB5-99E7-13E3A77A0CA9}.Debug|Any CPU.ActiveCfg = Debug|Any CPU
		{FFD85002-673B-4BB5-99E7-13E3A77A0CA9}.Debug|Any CPU.Build.0 = Debug|Any CPU
		{FFD85002-673B-4BB5-99E7-13E3A77A0CA9}.Release|Any CPU.ActiveCfg = Release|Any CPU
		{FFD85002-673B-4BB5-99E7-13E3A77A0CA9}.Release|Any CPU.Build.0 = Release|Any CPU
		{EF590573-72C2-47FE-8727-EDEEF237F55A}.Debug|Any CPU.ActiveCfg = Debug|Any CPU
		{EF590573-72C2-47FE-8727-EDEEF237F55A}.Debug|Any CPU.Build.0 = Debug|Any CPU
		{EF590573-72C2-47FE-8727-EDEEF237F55A}.Release|Any CPU.ActiveCfg = Release|Any CPU
		{EF590573-72C2-47FE-8727-EDEEF237F55A}.Release|Any CPU.Build.0 = Release|Any CPU
		{21210EE4-4CB6-4BEB-87D2-AAAA5000B2C1}.Debug|Any CPU.ActiveCfg = Debug|Any CPU
		{21210EE4-4CB6-4BEB-87D2-AAAA5000B2C1}.Debug|Any CPU.Build.0 = Debug|Any CPU
		{21210EE4-4CB6-4BEB-87D2-AAAA5000B2C1}.Release|Any CPU.ActiveCfg = Release|Any CPU
		{21210EE4-4CB6-4BEB-87D2-AAAA5000B2C1}.Release|Any CPU.Build.0 = Release|Any CPU
		{000170D9-B3A3-46E6-BBAF-ADCC15CB3097}.Debug|Any CPU.ActiveCfg = Debug|Any CPU
		{000170D9-B3A3-46E6-BBAF-ADCC15CB3097}.Debug|Any CPU.Build.0 = Debug|Any CPU
		{000170D9-B3A3-46E6-BBAF-ADCC15CB3097}.Release|Any CPU.ActiveCfg = Release|Any CPU
		{000170D9-B3A3-46E6-BBAF-ADCC15CB3097}.Release|Any CPU.Build.0 = Release|Any CPU
		{F8F9A6B0-75DF-4ED6-8FA3-8CDDF0887051}.Debug|Any CPU.ActiveCfg = Debug|Any CPU
		{F8F9A6B0-75DF-4ED6-8FA3-8CDDF0887051}.Debug|Any CPU.Build.0 = Debug|Any CPU
		{F8F9A6B0-75DF-4ED6-8FA3-8CDDF0887051}.Release|Any CPU.ActiveCfg = Release|Any CPU
		{F8F9A6B0-75DF-4ED6-8FA3-8CDDF0887051}.Release|Any CPU.Build.0 = Release|Any CPU
		{A7AFACFB-B01A-454C-B188-B2DC6F928F78}.Debug|Any CPU.ActiveCfg = Debug|Any CPU
		{A7AFACFB-B01A-454C-B188-B2DC6F928F78}.Debug|Any CPU.Build.0 = Debug|Any CPU
		{A7AFACFB-B01A-454C-B188-B2DC6F928F78}.Release|Any CPU.ActiveCfg = Release|Any CPU
		{A7AFACFB-B01A-454C-B188-B2DC6F928F78}.Release|Any CPU.Build.0 = Release|Any CPU
		{A4C43DEC-0799-4D53-A67A-A4B1BBC43323}.Debug|Any CPU.ActiveCfg = Debug|Any CPU
		{A4C43DEC-0799-4D53-A67A-A4B1BBC43323}.Debug|Any CPU.Build.0 = Debug|Any CPU
		{A4C43DEC-0799-4D53-A67A-A4B1BBC43323}.Release|Any CPU.ActiveCfg = Release|Any CPU
		{A4C43DEC-0799-4D53-A67A-A4B1BBC43323}.Release|Any CPU.Build.0 = Release|Any CPU
		{42AE2BA7-AF13-46C6-95C5-AD1323C3EDEC}.Debug|Any CPU.ActiveCfg = Debug|Any CPU
		{42AE2BA7-AF13-46C6-95C5-AD1323C3EDEC}.Debug|Any CPU.Build.0 = Debug|Any CPU
		{42AE2BA7-AF13-46C6-95C5-AD1323C3EDEC}.Release|Any CPU.ActiveCfg = Release|Any CPU
		{42AE2BA7-AF13-46C6-95C5-AD1323C3EDEC}.Release|Any CPU.Build.0 = Release|Any CPU
		{602321E8-B185-4F7B-AC6C-16C552FBF32F}.Debug|Any CPU.ActiveCfg = Debug|Any CPU
		{602321E8-B185-4F7B-AC6C-16C552FBF32F}.Debug|Any CPU.Build.0 = Debug|Any CPU
		{602321E8-B185-4F7B-AC6C-16C552FBF32F}.Release|Any CPU.ActiveCfg = Release|Any CPU
		{602321E8-B185-4F7B-AC6C-16C552FBF32F}.Release|Any CPU.Build.0 = Release|Any CPU
	EndGlobalSection
	GlobalSection(SolutionProperties) = preSolution
		HideSolutionNode = FALSE
	EndGlobalSection
	GlobalSection(NestedProjects) = preSolution
		{C921CC7A-8324-4838-923A-4A88549AEB54} = {1B63A444-93B0-485D-B2B2-9271F2075CF5}
		{6AACF539-CDD5-43FF-9B96-332623592927} = {1B63A444-93B0-485D-B2B2-9271F2075CF5}
		{E0DE0765-58C5-455D-AB4D-64D615BF1BAF} = {1B63A444-93B0-485D-B2B2-9271F2075CF5}
		{14F18E54-CEC3-451C-9BD0-17DCFE55A80E} = {1B63A444-93B0-485D-B2B2-9271F2075CF5}
		{85FF6C46-B9E9-4A78-9844-C69F9D6878F4} = {0E031B2C-052B-4999-A795-D1F3B88A031F}
		{78C507D5-2C15-40B9-B8FF-F2D87C538CC8} = {0E031B2C-052B-4999-A795-D1F3B88A031F}
		{7D1003E9-53F5-4989-BC75-A85103524EE7} = {0E031B2C-052B-4999-A795-D1F3B88A031F}
		{D94F5791-E491-4EE6-825E-A13088510740} = {568FC8E4-C845-46C5-B4E8-DF5354DB11C1}
		{A90F3C42-F3F6-4B18-995B-693F1138DE8D} = {568FC8E4-C845-46C5-B4E8-DF5354DB11C1}
		{FFD85002-673B-4BB5-99E7-13E3A77A0CA9} = {568FC8E4-C845-46C5-B4E8-DF5354DB11C1}
		{EF590573-72C2-47FE-8727-EDEEF237F55A} = {568FC8E4-C845-46C5-B4E8-DF5354DB11C1}
		{21210EE4-4CB6-4BEB-87D2-AAAA5000B2C1} = {568FC8E4-C845-46C5-B4E8-DF5354DB11C1}
		{000170D9-B3A3-46E6-BBAF-ADCC15CB3097} = {568FC8E4-C845-46C5-B4E8-DF5354DB11C1}
		{F8F9A6B0-75DF-4ED6-8FA3-8CDDF0887051} = {568FC8E4-C845-46C5-B4E8-DF5354DB11C1}
		{A7AFACFB-B01A-454C-B188-B2DC6F928F78} = {0E031B2C-052B-4999-A795-D1F3B88A031F}
		{A4C43DEC-0799-4D53-A67A-A4B1BBC43323} = {1B63A444-93B0-485D-B2B2-9271F2075CF5}
		{42AE2BA7-AF13-46C6-95C5-AD1323C3EDEC} = {568FC8E4-C845-46C5-B4E8-DF5354DB11C1}
		{602321E8-B185-4F7B-AC6C-16C552FBF32F} = {568FC8E4-C845-46C5-B4E8-DF5354DB11C1}
	EndGlobalSection
	GlobalSection(ExtensibilityGlobals) = postSolution
		SolutionGuid = {D8FAA445-CB0C-45D1-B2DF-F60BFDA0E8C5}
	EndGlobalSection
EndGlobal
