
Microsoft Visual Studio Solution File, Format Version 12.00
# Visual Studio 15
VisualStudioVersion = 15.0.28307.106
MinimumVisualStudioVersion = 10.0.40219.1
Project("{9A19103F-16F7-4668-BE54-9A1E7A4F7556}") = "DataStore.Base", "..\DataAccess\DataStore.Base\DataStore.Base.csproj", "{D251A37A-B809-4A45-A739-0292C2BD23CD}"
EndProject
Project("{9A19103F-16F7-4668-BE54-9A1E7A4F7556}") = "DataStore.Factory", "..\DataAccess\DataStore.Factory\DataStore.Factory.csproj", "{76536EF4-95D5-488F-9C11-4034FC539D8E}"
EndProject
Project("{9A19103F-16F7-4668-BE54-9A1E7A4F7556}") = "DataStore.Interface", "..\DataAccess\DataStore.Interface\DataStore.Interface.csproj", "{5BE17A78-2C8A-4B41-9567-8D0E837FCAAF}"
EndProject
Project("{9A19103F-16F7-4668-BE54-9A1E7A4F7556}") = "DataStore.SQLServer", "..\DataAccess\DataStore.SQLServer\DataStore.SQLServer.csproj", "{C8EC3E77-394A-4838-8B8A-794203514C23}"
EndProject
Project("{9A19103F-16F7-4668-BE54-9A1E7A4F7556}") = "Infrastructure.STLogging.Factory", "..\Common\Infrastructure.STLogging.Factory\Infrastructure.STLogging.Factory.csproj", "{D05F9686-B6AA-4373-A4ED-F0112FD08CEF}"
EndProject
Project("{9A19103F-16F7-4668-BE54-9A1E7A4F7556}") = "Infrastructure.STLogging.Interface", "..\Common\Infrastructure.STLogging.Interface\Infrastructure.STLogging.Interface.csproj", "{033E5745-8284-4A80-B166-AE0E6869707F}"
EndProject
Project("{9A19103F-16F7-4668-BE54-9A1E7A4F7556}") = "Infrastructure.STLogging.Log4Net", "..\Common\Infrastructure.STLogging.Log4Net\Infrastructure.STLogging.Log4Net.csproj", "{014CD11F-DAD5-4498-8E93-AD83325C6EC3}"
EndProject
Project("{9A19103F-16F7-4668-BE54-9A1E7A4F7556}") = "Infrastructure.Utils", "..\Common\Infrastructure.Utils\Infrastructure.Utils.csproj", "{242AFBF0-9E53-4EDF-8413-E9708E288280}"
EndProject
Project("{9A19103F-16F7-4668-BE54-9A1E7A4F7556}") = "Configuration", "..\Common\ClassLibrary1\Configuration.csproj", "{B18C1150-8B94-4951-B10F-D9DC43E1151F}"
EndProject
Project("{9A19103F-16F7-4668-BE54-9A1E7A4F7556}") = "RMDataFactory", "RMMDataFactory\RMDataFactory.csproj", "{854A28C9-B61F-47C2-B831-1CE66C834576}"
EndProject
Project("{2150E333-8FDC-42A3-9474-1A3956D46DE8}") = "Infrastucture", "Infrastucture", "{F2E2FAF7-7E70-4F9E-90C5-35AE80CF0F1C}"
EndProject
Project("{2150E333-8FDC-42A3-9474-1A3956D46DE8}") = "DataAccess", "DataAccess", "{F74C2B18-66BA-4379-B4AE-39708BEEEDE8}"
EndProject
Project("{2150E333-8FDC-42A3-9474-1A3956D46DE8}") = "Logs", "Logs", "{82FE6569-DCE0-4F8D-9B58-372FD4BC980E}"
EndProject
Project("{2150E333-8FDC-42A3-9474-1A3956D46DE8}") = "RM Manager", "RM Manager", "{4E64DD31-A745-4985-931B-453FE6E1650A}"
EndProject
Project("{9A19103F-16F7-4668-BE54-9A1E7A4F7556}") = "RMDataProvider", "DataProvider\RMDataProvider.csproj", "{8AC24FD1-1498-480A-B550-AC41FF5DBFE4}"
	ProjectSection(ProjectDependencies) = postProject
		{5BE17A78-2C8A-4B41-9567-8D0E837FCAAF} = {5BE17A78-2C8A-4B41-9567-8D0E837FCAAF}
	EndProjectSection
EndProject
Project("{9A19103F-16F7-4668-BE54-9A1E7A4F7556}") = "RMDataProvider.Interface", "DataProvider.Interface\RMDataProvider.Interface.csproj", "{7573E925-D866-4BAF-BADA-13BBF0C70871}"
EndProject
Project("{9A19103F-16F7-4668-BE54-9A1E7A4F7556}") = "DataModel", "..\Common\DataModel\DataModel.csproj", "{EE220BBC-9732-4C69-8BE8-AE44C56B87CD}"
EndProject
Project("{9A19103F-16F7-4668-BE54-9A1E7A4F7556}") = "RMDataProvider.Model", "RMDataProvider.Model\RMDataProvider.Model.csproj", "{B4023AA7-EEC6-48C1-BD48-9944994ED6B3}"
EndProject
Project("{9A19103F-16F7-4668-BE54-9A1E7A4F7556}") = "RMUtil", "RMUtil\RMUtil.csproj", "{7DB1132B-CF12-4C17-BEEE-232EDABE6361}"
EndProject
Project("{9A19103F-16F7-4668-BE54-9A1E7A4F7556}") = "NSI.Entities", "..\Node API WS\NSI.Entities\NSI.Entities.csproj", "{F7B7AECC-4D01-4CE5-962F-21B84281F5B7}"
EndProject
Project("{2150E333-8FDC-42A3-9474-1A3956D46DE8}") = "resources", "resources", "{3FFC5322-3963-4E96-82DF-921DEDC2D531}"
	ProjectSection(SolutionItems) = preProject
		RMMManager\resources\json\rmResponseCKANV3-sample.json = RMMManager\resources\json\rmResponseCKANV3-sample.json
	EndProjectSection
EndProject
Project("{9A19103F-16F7-4668-BE54-9A1E7A4F7556}") = "AuthCore.Model", "..\DM API WS\AuthCore.Model\AuthCore.Model.csproj", "{19BE202C-A2D6-4759-981E-D7BCB1F75008}"
EndProject
Project("{9A19103F-16F7-4668-BE54-9A1E7A4F7556}") = "ArtefactDataModel", "..\Common\ArtefactDataModel\ArtefactDataModel.csproj", "{97F14363-CB2B-452B-8BAF-09802C170A48}"
EndProject
Global
	GlobalSection(SolutionConfigurationPlatforms) = preSolution
		Debug|Any CPU = Debug|Any CPU
		Release|Any CPU = Release|Any CPU
	EndGlobalSection
	GlobalSection(ProjectConfigurationPlatforms) = postSolution
		{D251A37A-B809-4A45-A739-0292C2BD23CD}.Debug|Any CPU.ActiveCfg = Debug|Any CPU
		{D251A37A-B809-4A45-A739-0292C2BD23CD}.Debug|Any CPU.Build.0 = Debug|Any CPU
		{D251A37A-B809-4A45-A739-0292C2BD23CD}.Release|Any CPU.ActiveCfg = Release|Any CPU
		{D251A37A-B809-4A45-A739-0292C2BD23CD}.Release|Any CPU.Build.0 = Release|Any CPU
		{76536EF4-95D5-488F-9C11-4034FC539D8E}.Debug|Any CPU.ActiveCfg = Debug|Any CPU
		{76536EF4-95D5-488F-9C11-4034FC539D8E}.Debug|Any CPU.Build.0 = Debug|Any CPU
		{76536EF4-95D5-488F-9C11-4034FC539D8E}.Release|Any CPU.ActiveCfg = Release|Any CPU
		{76536EF4-95D5-488F-9C11-4034FC539D8E}.Release|Any CPU.Build.0 = Release|Any CPU
		{5BE17A78-2C8A-4B41-9567-8D0E837FCAAF}.Debug|Any CPU.ActiveCfg = Debug|Any CPU
		{5BE17A78-2C8A-4B41-9567-8D0E837FCAAF}.Debug|Any CPU.Build.0 = Debug|Any CPU
		{5BE17A78-2C8A-4B41-9567-8D0E837FCAAF}.Release|Any CPU.ActiveCfg = Release|Any CPU
		{5BE17A78-2C8A-4B41-9567-8D0E837FCAAF}.Release|Any CPU.Build.0 = Release|Any CPU
		{C8EC3E77-394A-4838-8B8A-794203514C23}.Debug|Any CPU.ActiveCfg = Debug|Any CPU
		{C8EC3E77-394A-4838-8B8A-794203514C23}.Debug|Any CPU.Build.0 = Debug|Any CPU
		{C8EC3E77-394A-4838-8B8A-794203514C23}.Release|Any CPU.ActiveCfg = Release|Any CPU
		{C8EC3E77-394A-4838-8B8A-794203514C23}.Release|Any CPU.Build.0 = Release|Any CPU
		{D05F9686-B6AA-4373-A4ED-F0112FD08CEF}.Debug|Any CPU.ActiveCfg = Debug|Any CPU
		{D05F9686-B6AA-4373-A4ED-F0112FD08CEF}.Debug|Any CPU.Build.0 = Debug|Any CPU
		{D05F9686-B6AA-4373-A4ED-F0112FD08CEF}.Release|Any CPU.ActiveCfg = Release|Any CPU
		{D05F9686-B6AA-4373-A4ED-F0112FD08CEF}.Release|Any CPU.Build.0 = Release|Any CPU
		{033E5745-8284-4A80-B166-AE0E6869707F}.Debug|Any CPU.ActiveCfg = Debug|Any CPU
		{033E5745-8284-4A80-B166-AE0E6869707F}.Debug|Any CPU.Build.0 = Debug|Any CPU
		{033E5745-8284-4A80-B166-AE0E6869707F}.Release|Any CPU.ActiveCfg = Release|Any CPU
		{033E5745-8284-4A80-B166-AE0E6869707F}.Release|Any CPU.Build.0 = Release|Any CPU
		{014CD11F-DAD5-4498-8E93-AD83325C6EC3}.Debug|Any CPU.ActiveCfg = Debug|Any CPU
		{014CD11F-DAD5-4498-8E93-AD83325C6EC3}.Debug|Any CPU.Build.0 = Debug|Any CPU
		{014CD11F-DAD5-4498-8E93-AD83325C6EC3}.Release|Any CPU.ActiveCfg = Release|Any CPU
		{014CD11F-DAD5-4498-8E93-AD83325C6EC3}.Release|Any CPU.Build.0 = Release|Any CPU
		{242AFBF0-9E53-4EDF-8413-E9708E288280}.Debug|Any CPU.ActiveCfg = Debug|Any CPU
		{242AFBF0-9E53-4EDF-8413-E9708E288280}.Debug|Any CPU.Build.0 = Debug|Any CPU
		{242AFBF0-9E53-4EDF-8413-E9708E288280}.Release|Any CPU.ActiveCfg = Release|Any CPU
		{242AFBF0-9E53-4EDF-8413-E9708E288280}.Release|Any CPU.Build.0 = Release|Any CPU
		{B18C1150-8B94-4951-B10F-D9DC43E1151F}.Debug|Any CPU.ActiveCfg = Debug|Any CPU
		{B18C1150-8B94-4951-B10F-D9DC43E1151F}.Debug|Any CPU.Build.0 = Debug|Any CPU
		{B18C1150-8B94-4951-B10F-D9DC43E1151F}.Release|Any CPU.ActiveCfg = Release|Any CPU
		{B18C1150-8B94-4951-B10F-D9DC43E1151F}.Release|Any CPU.Build.0 = Release|Any CPU
		{854A28C9-B61F-47C2-B831-1CE66C834576}.Debug|Any CPU.ActiveCfg = Debug|Any CPU
		{854A28C9-B61F-47C2-B831-1CE66C834576}.Debug|Any CPU.Build.0 = Debug|Any CPU
		{854A28C9-B61F-47C2-B831-1CE66C834576}.Release|Any CPU.ActiveCfg = Release|Any CPU
		{854A28C9-B61F-47C2-B831-1CE66C834576}.Release|Any CPU.Build.0 = Release|Any CPU
		{8AC24FD1-1498-480A-B550-AC41FF5DBFE4}.Debug|Any CPU.ActiveCfg = Debug|Any CPU
		{8AC24FD1-1498-480A-B550-AC41FF5DBFE4}.Debug|Any CPU.Build.0 = Debug|Any CPU
		{8AC24FD1-1498-480A-B550-AC41FF5DBFE4}.Release|Any CPU.ActiveCfg = Release|Any CPU
		{8AC24FD1-1498-480A-B550-AC41FF5DBFE4}.Release|Any CPU.Build.0 = Release|Any CPU
		{7573E925-D866-4BAF-BADA-13BBF0C70871}.Debug|Any CPU.ActiveCfg = Debug|Any CPU
		{7573E925-D866-4BAF-BADA-13BBF0C70871}.Debug|Any CPU.Build.0 = Debug|Any CPU
		{7573E925-D866-4BAF-BADA-13BBF0C70871}.Release|Any CPU.ActiveCfg = Release|Any CPU
		{7573E925-D866-4BAF-BADA-13BBF0C70871}.Release|Any CPU.Build.0 = Release|Any CPU
		{EE220BBC-9732-4C69-8BE8-AE44C56B87CD}.Debug|Any CPU.ActiveCfg = Debug|Any CPU
		{EE220BBC-9732-4C69-8BE8-AE44C56B87CD}.Debug|Any CPU.Build.0 = Debug|Any CPU
		{EE220BBC-9732-4C69-8BE8-AE44C56B87CD}.Release|Any CPU.ActiveCfg = Release|Any CPU
		{EE220BBC-9732-4C69-8BE8-AE44C56B87CD}.Release|Any CPU.Build.0 = Release|Any CPU
		{B4023AA7-EEC6-48C1-BD48-9944994ED6B3}.Debug|Any CPU.ActiveCfg = Debug|Any CPU
		{B4023AA7-EEC6-48C1-BD48-9944994ED6B3}.Debug|Any CPU.Build.0 = Debug|Any CPU
		{B4023AA7-EEC6-48C1-BD48-9944994ED6B3}.Release|Any CPU.ActiveCfg = Release|Any CPU
		{B4023AA7-EEC6-48C1-BD48-9944994ED6B3}.Release|Any CPU.Build.0 = Release|Any CPU
		{7DB1132B-CF12-4C17-BEEE-232EDABE6361}.Debug|Any CPU.ActiveCfg = Debug|Any CPU
		{7DB1132B-CF12-4C17-BEEE-232EDABE6361}.Debug|Any CPU.Build.0 = Debug|Any CPU
		{7DB1132B-CF12-4C17-BEEE-232EDABE6361}.Release|Any CPU.ActiveCfg = Release|Any CPU
		{7DB1132B-CF12-4C17-BEEE-232EDABE6361}.Release|Any CPU.Build.0 = Release|Any CPU
		{F7B7AECC-4D01-4CE5-962F-21B84281F5B7}.Debug|Any CPU.ActiveCfg = Debug|Any CPU
		{F7B7AECC-4D01-4CE5-962F-21B84281F5B7}.Debug|Any CPU.Build.0 = Debug|Any CPU
		{F7B7AECC-4D01-4CE5-962F-21B84281F5B7}.Release|Any CPU.ActiveCfg = Release|Any CPU
		{F7B7AECC-4D01-4CE5-962F-21B84281F5B7}.Release|Any CPU.Build.0 = Release|Any CPU
		{19BE202C-A2D6-4759-981E-D7BCB1F75008}.Debug|Any CPU.ActiveCfg = Debug|Any CPU
		{19BE202C-A2D6-4759-981E-D7BCB1F75008}.Debug|Any CPU.Build.0 = Debug|Any CPU
		{19BE202C-A2D6-4759-981E-D7BCB1F75008}.Release|Any CPU.ActiveCfg = Release|Any CPU
		{19BE202C-A2D6-4759-981E-D7BCB1F75008}.Release|Any CPU.Build.0 = Release|Any CPU
		{97F14363-CB2B-452B-8BAF-09802C170A48}.Debug|Any CPU.ActiveCfg = Debug|Any CPU
		{97F14363-CB2B-452B-8BAF-09802C170A48}.Debug|Any CPU.Build.0 = Debug|Any CPU
		{97F14363-CB2B-452B-8BAF-09802C170A48}.Release|Any CPU.ActiveCfg = Release|Any CPU
		{97F14363-CB2B-452B-8BAF-09802C170A48}.Release|Any CPU.Build.0 = Release|Any CPU
	EndGlobalSection
	GlobalSection(SolutionProperties) = preSolution
		HideSolutionNode = FALSE
	EndGlobalSection
	GlobalSection(NestedProjects) = preSolution
		{D251A37A-B809-4A45-A739-0292C2BD23CD} = {F74C2B18-66BA-4379-B4AE-39708BEEEDE8}
		{76536EF4-95D5-488F-9C11-4034FC539D8E} = {F74C2B18-66BA-4379-B4AE-39708BEEEDE8}
		{5BE17A78-2C8A-4B41-9567-8D0E837FCAAF} = {F74C2B18-66BA-4379-B4AE-39708BEEEDE8}
		{C8EC3E77-394A-4838-8B8A-794203514C23} = {F74C2B18-66BA-4379-B4AE-39708BEEEDE8}
		{D05F9686-B6AA-4373-A4ED-F0112FD08CEF} = {82FE6569-DCE0-4F8D-9B58-372FD4BC980E}
		{033E5745-8284-4A80-B166-AE0E6869707F} = {82FE6569-DCE0-4F8D-9B58-372FD4BC980E}
		{014CD11F-DAD5-4498-8E93-AD83325C6EC3} = {82FE6569-DCE0-4F8D-9B58-372FD4BC980E}
		{242AFBF0-9E53-4EDF-8413-E9708E288280} = {F2E2FAF7-7E70-4F9E-90C5-35AE80CF0F1C}
		{B18C1150-8B94-4951-B10F-D9DC43E1151F} = {F2E2FAF7-7E70-4F9E-90C5-35AE80CF0F1C}
		{854A28C9-B61F-47C2-B831-1CE66C834576} = {4E64DD31-A745-4985-931B-453FE6E1650A}
		{82FE6569-DCE0-4F8D-9B58-372FD4BC980E} = {F2E2FAF7-7E70-4F9E-90C5-35AE80CF0F1C}
		{8AC24FD1-1498-480A-B550-AC41FF5DBFE4} = {4E64DD31-A745-4985-931B-453FE6E1650A}
		{7573E925-D866-4BAF-BADA-13BBF0C70871} = {4E64DD31-A745-4985-931B-453FE6E1650A}
		{EE220BBC-9732-4C69-8BE8-AE44C56B87CD} = {F2E2FAF7-7E70-4F9E-90C5-35AE80CF0F1C}
		{B4023AA7-EEC6-48C1-BD48-9944994ED6B3} = {4E64DD31-A745-4985-931B-453FE6E1650A}
		{7DB1132B-CF12-4C17-BEEE-232EDABE6361} = {4E64DD31-A745-4985-931B-453FE6E1650A}
		{F7B7AECC-4D01-4CE5-962F-21B84281F5B7} = {F2E2FAF7-7E70-4F9E-90C5-35AE80CF0F1C}
		{3FFC5322-3963-4E96-82DF-921DEDC2D531} = {4E64DD31-A745-4985-931B-453FE6E1650A}
		{19BE202C-A2D6-4759-981E-D7BCB1F75008} = {F2E2FAF7-7E70-4F9E-90C5-35AE80CF0F1C}
		{97F14363-CB2B-452B-8BAF-09802C170A48} = {F2E2FAF7-7E70-4F9E-90C5-35AE80CF0F1C}
	EndGlobalSection
	GlobalSection(ExtensibilityGlobals) = postSolution
		SolutionGuid = {B1E3A2B1-DCD5-462D-AF78-54C193DA697E}
	EndGlobalSection
EndGlobal
